
Microsoft Visual Studio Solution File, Format Version 12.00
# Visual Studio Version 17
VisualStudioVersion = 17.9.34728.123
MinimumVisualStudioVersion = 10.0.40219.1
Project("{9A19103F-16F7-4668-BE54-9A1E7A4F7556}") = "AutomaticArchiver", "AutomaticArchiver\AutomaticArchiver.csproj", "{E4EFB4A4-8DE2-4AEE-A618-FE70FBDEA6FE}"
EndProject
Project("{FAE04EC0-301F-11D3-BF4B-00C04F79EFBC}") = "AutomaticArchivation", "AutomaticArchivation\AutomaticArchivation.csproj", "{62EB615B-0415-465E-8CA0-204FD84D064A}"
EndProject
Project("{2150E333-8FDC-42A3-9474-1A3956D46DE8}") = "Implementations", "Implementations", "{79D964E5-217B-4A09-81E8-27E095CFBF7B}"
EndProject
Project("{FAE04EC0-301F-11D3-BF4B-00C04F79EFBC}") = "AutomaticArchiver.ConsoleApp", "Implementations\AutomaticArchiver.ConsoleApp\AutomaticArchiver.ConsoleApp.csproj", "{05FCF9B2-98A0-435C-A43F-B33731733AC5}"
EndProject
Project("{2150E333-8FDC-42A3-9474-1A3956D46DE8}") = "Assets", "Assets", "{93AB5E1D-28EB-44AF-B599-7172E3A4B31F}"
	ProjectSection(SolutionItems) = preProject
		Implementations\Assets\icon-light.ico = Implementations\Assets\icon-light.ico
		Implementations\Assets\icon-light.png = Implementations\Assets\icon-light.png
		Implementations\Assets\icon.ico = Implementations\Assets\icon.ico
		Implementations\Assets\icon.png = Implementations\Assets\icon.png
	EndProjectSection
EndProject
Global
	GlobalSection(SolutionConfigurationPlatforms) = preSolution
		Debug|Any CPU = Debug|Any CPU
		Release|Any CPU = Release|Any CPU
	EndGlobalSection
	GlobalSection(ProjectConfigurationPlatforms) = postSolution
		{E4EFB4A4-8DE2-4AEE-A618-FE70FBDEA6FE}.Debug|Any CPU.ActiveCfg = Debug|Any CPU
		{E4EFB4A4-8DE2-4AEE-A618-FE70FBDEA6FE}.Debug|Any CPU.Build.0 = Debug|Any CPU
		{E4EFB4A4-8DE2-4AEE-A618-FE70FBDEA6FE}.Release|Any CPU.ActiveCfg = Release|Any CPU
		{E4EFB4A4-8DE2-4AEE-A618-FE70FBDEA6FE}.Release|Any CPU.Build.0 = Release|Any CPU
		{62EB615B-0415-465E-8CA0-204FD84D064A}.Debug|Any CPU.ActiveCfg = Debug|Any CPU
		{62EB615B-0415-465E-8CA0-204FD84D064A}.Debug|Any CPU.Build.0 = Debug|Any CPU
		{62EB615B-0415-465E-8CA0-204FD84D064A}.Release|Any CPU.ActiveCfg = Release|Any CPU
		{62EB615B-0415-465E-8CA0-204FD84D064A}.Release|Any CPU.Build.0 = Release|Any CPU
		{05FCF9B2-98A0-435C-A43F-B33731733AC5}.Debug|Any CPU.ActiveCfg = Debug|Any CPU
		{05FCF9B2-98A0-435C-A43F-B33731733AC5}.Debug|Any CPU.Build.0 = Debug|Any CPU
		{05FCF9B2-98A0-435C-A43F-B33731733AC5}.Release|Any CPU.ActiveCfg = Release|Any CPU
		{05FCF9B2-98A0-435C-A43F-B33731733AC5}.Release|Any CPU.Build.0 = Release|Any CPU
	EndGlobalSection
	GlobalSection(SolutionProperties) = preSolution
		HideSolutionNode = FALSE
	EndGlobalSection
	GlobalSection(NestedProjects) = preSolution
		{05FCF9B2-98A0-435C-A43F-B33731733AC5} = {79D964E5-217B-4A09-81E8-27E095CFBF7B}
		{93AB5E1D-28EB-44AF-B599-7172E3A4B31F} = {79D964E5-217B-4A09-81E8-27E095CFBF7B}
	EndGlobalSection
	GlobalSection(ExtensibilityGlobals) = postSolution
		SolutionGuid = {AD228546-D631-4608-A33C-12C10A511A61}
	EndGlobalSection
EndGlobal
